
Microsoft Visual Studio Solution File, Format Version 12.00
# Visual Studio Version 16
VisualStudioVersion = 16.0.29613.14
MinimumVisualStudioVersion = 10.0.40219.1
Project("{FAE04EC0-301F-11D3-BF4B-00C04F79EFBC}") = "Emart.userservice", "Emart.userservice\Emart.userservice.csproj", "{0FF76907-EF62-48EA-A4FC-085A62504718}"
EndProject
Project("{FAE04EC0-301F-11D3-BF4B-00C04F79EFBC}") = "Emart.buyerservice", "Emart.buyerservice\Emart.buyerservice.csproj", "{0189EFF7-5744-4B0A-8980-8D5F4D5BC550}"
EndProject
Project("{FAE04EC0-301F-11D3-BF4B-00C04F79EFBC}") = "Emart.sellerservice", "Emart.sellerservice\Emart.sellerservice.csproj", "{E48DFE58-5D30-4694-A5AC-7F7103954D26}"
EndProject
Project("{FAE04EC0-301F-11D3-BF4B-00C04F79EFBC}") = "Emart.adminservice", "Emart.adminservice\Emart.adminservice.csproj", "{6965D748-E609-4E83-90B9-75A9E9EBE99B}"
EndProject
Project("{FAE04EC0-301F-11D3-BF4B-00C04F79EFBC}") = "Emart.GateWay", "Emart.GateWay\Emart.GateWay.csproj", "{AB80C22E-BE2F-4619-B3C8-5251FFE4BC04}"
EndProject
Global
	GlobalSection(SolutionConfigurationPlatforms) = preSolution
		Debug|Any CPU = Debug|Any CPU
		Release|Any CPU = Release|Any CPU
	EndGlobalSection
	GlobalSection(ProjectConfigurationPlatforms) = postSolution
		{0FF76907-EF62-48EA-A4FC-085A62504718}.Debug|Any CPU.ActiveCfg = Debug|Any CPU
		{0FF76907-EF62-48EA-A4FC-085A62504718}.Debug|Any CPU.Build.0 = Debug|Any CPU
		{0FF76907-EF62-48EA-A4FC-085A62504718}.Release|Any CPU.ActiveCfg = Release|Any CPU
		{0FF76907-EF62-48EA-A4FC-085A62504718}.Release|Any CPU.Build.0 = Release|Any CPU
		{0189EFF7-5744-4B0A-8980-8D5F4D5BC550}.Debug|Any CPU.ActiveCfg = Debug|Any CPU
		{0189EFF7-5744-4B0A-8980-8D5F4D5BC550}.Debug|Any CPU.Build.0 = Debug|Any CPU
		{0189EFF7-5744-4B0A-8980-8D5F4D5BC550}.Release|Any CPU.ActiveCfg = Release|Any CPU
		{0189EFF7-5744-4B0A-8980-8D5F4D5BC550}.Release|Any CPU.Build.0 = Release|Any CPU
		{E48DFE58-5D30-4694-A5AC-7F7103954D26}.Debug|Any CPU.ActiveCfg = Debug|Any CPU
		{E48DFE58-5D30-4694-A5AC-7F7103954D26}.Debug|Any CPU.Build.0 = Debug|Any CPU
		{E48DFE58-5D30-4694-A5AC-7F7103954D26}.Release|Any CPU.ActiveCfg = Release|Any CPU
		{E48DFE58-5D30-4694-A5AC-7F7103954D26}.Release|Any CPU.Build.0 = Release|Any CPU
		{6965D748-E609-4E83-90B9-75A9E9EBE99B}.Debug|Any CPU.ActiveCfg = Debug|Any CPU
		{6965D748-E609-4E83-90B9-75A9E9EBE99B}.Debug|Any CPU.Build.0 = Debug|Any CPU
		{6965D748-E609-4E83-90B9-75A9E9EBE99B}.Release|Any CPU.ActiveCfg = Release|Any CPU
		{6965D748-E609-4E83-90B9-75A9E9EBE99B}.Release|Any CPU.Build.0 = Release|Any CPU
		{AB80C22E-BE2F-4619-B3C8-5251FFE4BC04}.Debug|Any CPU.ActiveCfg = Debug|Any CPU
		{AB80C22E-BE2F-4619-B3C8-5251FFE4BC04}.Debug|Any CPU.Build.0 = Debug|Any CPU
		{AB80C22E-BE2F-4619-B3C8-5251FFE4BC04}.Release|Any CPU.ActiveCfg = Release|Any CPU
		{AB80C22E-BE2F-4619-B3C8-5251FFE4BC04}.Release|Any CPU.Build.0 = Release|Any CPU
	EndGlobalSection
	GlobalSection(SolutionProperties) = preSolution
		HideSolutionNode = FALSE
	EndGlobalSection
	GlobalSection(ExtensibilityGlobals) = postSolution
		SolutionGuid = {D7AD24EC-95DF-4BA4-9EAF-E28A194CC82A}
	EndGlobalSection
EndGlobal
